
Microsoft Visual Studio Solution File, Format Version 12.00
# Visual Studio Version 17
VisualStudioVersion = 17.2.32616.157
MinimumVisualStudioVersion = 10.0.40219.1
Project("{FAE04EC0-301F-11D3-BF4B-00C04F79EFBC}") = "OBSUI", "OBSUI\OBSUI.csproj", "{AE52FA23-C74B-4BD7-BD06-3B039217EA12}"
EndProject
Project("{FAE04EC0-301F-11D3-BF4B-00C04F79EFBC}") = "OBSEntity", "OBSEntity\OBSEntity.csproj", "{6041D015-E774-4094-943C-F7A10D0026D3}"
EndProject
Project("{FAE04EC0-301F-11D3-BF4B-00C04F79EFBC}") = "OBSDataAccess", "OBSDataAccess\OBSDataAccess.csproj", "{69E03A77-AE21-4592-AA7D-572C1006B274}"
EndProject
Project("{FAE04EC0-301F-11D3-BF4B-00C04F79EFBC}") = "OBSBusiness", "OBSBusiness\OBSBusiness.csproj", "{959BF273-D9F5-44B3-A2D7-76E166967522}"
EndProject
Global
	GlobalSection(SolutionConfigurationPlatforms) = preSolution
		Debug|Any CPU = Debug|Any CPU
		Release|Any CPU = Release|Any CPU
	EndGlobalSection
	GlobalSection(ProjectConfigurationPlatforms) = postSolution
		{AE52FA23-C74B-4BD7-BD06-3B039217EA12}.Debug|Any CPU.ActiveCfg = Debug|Any CPU
		{AE52FA23-C74B-4BD7-BD06-3B039217EA12}.Debug|Any CPU.Build.0 = Debug|Any CPU
		{AE52FA23-C74B-4BD7-BD06-3B039217EA12}.Release|Any CPU.ActiveCfg = Release|Any CPU
		{AE52FA23-C74B-4BD7-BD06-3B039217EA12}.Release|Any CPU.Build.0 = Release|Any CPU
		{6041D015-E774-4094-943C-F7A10D0026D3}.Debug|Any CPU.ActiveCfg = Debug|Any CPU
		{6041D015-E774-4094-943C-F7A10D0026D3}.Debug|Any CPU.Build.0 = Debug|Any CPU
		{6041D015-E774-4094-943C-F7A10D0026D3}.Release|Any CPU.ActiveCfg = Release|Any CPU
		{6041D015-E774-4094-943C-F7A10D0026D3}.Release|Any CPU.Build.0 = Release|Any CPU
		{69E03A77-AE21-4592-AA7D-572C1006B274}.Debug|Any CPU.ActiveCfg = Debug|Any CPU
		{69E03A77-AE21-4592-AA7D-572C1006B274}.Debug|Any CPU.Build.0 = Debug|Any CPU
		{69E03A77-AE21-4592-AA7D-572C1006B274}.Release|Any CPU.ActiveCfg = Release|Any CPU
		{69E03A77-AE21-4592-AA7D-572C1006B274}.Release|Any CPU.Build.0 = Release|Any CPU
		{959BF273-D9F5-44B3-A2D7-76E166967522}.Debug|Any CPU.ActiveCfg = Debug|Any CPU
		{959BF273-D9F5-44B3-A2D7-76E166967522}.Debug|Any CPU.Build.0 = Debug|Any CPU
		{959BF273-D9F5-44B3-A2D7-76E166967522}.Release|Any CPU.ActiveCfg = Release|Any CPU
		{959BF273-D9F5-44B3-A2D7-76E166967522}.Release|Any CPU.Build.0 = Release|Any CPU
	EndGlobalSection
	GlobalSection(SolutionProperties) = preSolution
		HideSolutionNode = FALSE
	EndGlobalSection
	GlobalSection(ExtensibilityGlobals) = postSolution
		SolutionGuid = {AD659F65-35A7-404E-B937-4E46F87164AD}
	EndGlobalSection
EndGlobal
